# THIS IS AN AUTOGENERATED FILE. DO NOT EDIT THIS FILE DIRECTLY.
# yarn lockfile v1


vuepress-theme-resume@^1.0.1:
  version "1.0.1"
  resolved "https://registry.yarnpkg.com/vuepress-theme-resume/-/vuepress-theme-resume-1.0.1.tgz#441451f179d169a91600ad59ed207bb5b64471c6"
  integrity sha512-4gea6d+EZA/as3lMiOf7In7SiacsthNaE/KnsdWXLRYn2MVst1dkCRq9RszMC5NTB9osM0D5arih/1u/d3utFQ==
